// !$*UTF8*$!
{
	archiveVersion = 1;
	classes = {
	};
	objectVersion = 56;
	objects = {

/* Begin PBXBuildFile section */
		DDD4F73E2B0550AD005BF298 /* AppDelegate.swift in Sources */ = {isa = PBXBuildFile; fileRef = DDD4F73D2B0550AD005BF298 /* AppDelegate.swift */; };
		DDD4F7402B0550AD005BF298 /* SceneDelegate.swift in Sources */ = {isa = PBXBuildFile; fileRef = DDD4F73F2B0550AD005BF298 /* SceneDelegate.swift */; };
		DDD4F7422B0550AD005BF298 /* ViewController.swift in Sources */ = {isa = PBXBuildFile; fileRef = DDD4F7412B0550AD005BF298 /* ViewController.swift */; };
		DDD4F7452B0550AD005BF298 /* Main.storyboard in Resources */ = {isa = PBXBuildFile; fileRef = DDD4F7432B0550AD005BF298 /* Main.storyboard */; };
		DDD4F7472B0550AF005BF298 /* Assets.xcassets in Resources */ = {isa = PBXBuildFile; fileRef = DDD4F7462B0550AF005BF298 /* Assets.xcassets */; };
		DDD4F74A2B0550AF005BF298 /* LaunchScreen.storyboard in Resources */ = {isa = PBXBuildFile; fileRef = DDD4F7482B0550AF005BF298 /* LaunchScreen.storyboard */; };
		DDD4F7522B057C26005BF298 /* MarverlFilms.storyboard in Resources */ = {isa = PBXBuildFile; fileRef = DDD4F7512B057C26005BF298 /* MarverlFilms.storyboard */; };
		DDD4F7542B057C50005BF298 /* MarvelFilmsViewController.swift in Sources */ = {isa = PBXBuildFile; fileRef = DDD4F7532B057C50005BF298 /* MarvelFilmsViewController.swift */; };
		DDD4F7562B057D0E005BF298 /* MarvalFilmTableViewCell.swift in Sources */ = {isa = PBXBuildFile; fileRef = DDD4F7552B057D0E005BF298 /* MarvalFilmTableViewCell.swift */; };
/* End PBXBuildFile section */

/* Begin PBXFileReference section */
		DDD4F73A2B0550AD005BF298 /* MarvelMovies.app */ = {isa = PBXFileReference; explicitFileType = wrapper.application; includeInIndex = 0; path = MarvelMovies.app; sourceTree = BUILT_PRODUCTS_DIR; };
		DDD4F73D2B0550AD005BF298 /* AppDelegate.swift */ = {isa = PBXFileReference; lastKnownFileType = sourcecode.swift; path = AppDelegate.swift; sourceTree = "<group>"; };
		DDD4F73F2B0550AD005BF298 /* SceneDelegate.swift */ = {isa = PBXFileReference; lastKnownFileType = sourcecode.swift; path = SceneDelegate.swift; sourceTree = "<group>"; };
		DDD4F7412B0550AD005BF298 /* ViewController.swift */ = {isa = PBXFileReference; lastKnownFileType = sourcecode.swift; path = ViewController.swift; sourceTree = "<group>"; };
		DDD4F7442B0550AD005BF298 /* Base */ = {isa = PBXFileReference; lastKnownFileType = file.storyboard; name = Base; path = Base.lproj/Main.storyboard; sourceTree = "<group>"; };
		DDD4F7462B0550AF005BF298 /* Assets.xcassets */ = {isa = PBXFileReference; lastKnownFileType = folder.assetcatalog; path = Assets.xcassets; sourceTree = "<group>"; };
		DDD4F7492B0550AF005BF298 /* Base */ = {isa = PBXFileReference; lastKnownFileType = file.storyboard; name = Base; path = Base.lproj/LaunchScreen.storyboard; sourceTree = "<group>"; };
		DDD4F74B2B0550AF005BF298 /* Info.plist */ = {isa = PBXFileReference; lastKnownFileType = text.plist.xml; path = Info.plist; sourceTree = "<group>"; };
		DDD4F7512B057C26005BF298 /* MarverlFilms.storyboard */ = {isa = PBXFileReference; lastKnownFileType = file.storyboard; path = MarverlFilms.storyboard; sourceTree = "<group>"; };
		DDD4F7532B057C50005BF298 /* MarvelFilmsViewController.swift */ = {isa = PBXFileReference; lastKnownFileType = sourcecode.swift; path = MarvelFilmsViewController.swift; sourceTree = "<group>"; };
		DDD4F7552B057D0E005BF298 /* MarvalFilmTableViewCell.swift */ = {isa = PBXFileReference; lastKnownFileType = sourcecode.swift; path = MarvalFilmTableViewCell.swift; sourceTree = "<group>"; };
/* End PBXFileReference section */

/* Begin PBXFrameworksBuildPhase section */
		DDD4F7372B0550AD005BF298 /* Frameworks */ = {
			isa = PBXFrameworksBuildPhase;
			buildActionMask = 2147483647;
			files = (
			);
			runOnlyForDeploymentPostprocessing = 0;
		};
/* End PBXFrameworksBuildPhase section */

/* Begin PBXGroup section */
		DDD4F7312B0550AD005BF298 = {
			isa = PBXGroup;
			children = (
				DDD4F73C2B0550AD005BF298 /* MarvelMovies */,
				DDD4F73B2B0550AD005BF298 /* Products */,
			);
			sourceTree = "<group>";
		};
		DDD4F73B2B0550AD005BF298 /* Products */ = {
			isa = PBXGroup;
			children = (
				DDD4F73A2B0550AD005BF298 /* MarvelMovies.app */,
			);
			name = Products;
			sourceTree = "<group>";
		};
		DDD4F73C2B0550AD005BF298 /* MarvelMovies */ = {
			isa = PBXGroup;
			children = (
				DDD4F7572B058BF8005BF298 /* MarvalMovies */,
				DDD4F73D2B0550AD005BF298 /* AppDelegate.swift */,
				DDD4F73F2B0550AD005BF298 /* SceneDelegate.swift */,
				DDD4F7412B0550AD005BF298 /* ViewController.swift */,
				DDD4F7432B0550AD005BF298 /* Main.storyboard */,
				DDD4F7462B0550AF005BF298 /* Assets.xcassets */,
				DDD4F7482B0550AF005BF298 /* LaunchScreen.storyboard */,
				DDD4F74B2B0550AF005BF298 /* Info.plist */,
			);
			path = MarvelMovies;
			sourceTree = "<group>";
		};
		DDD4F7572B058BF8005BF298 /* MarvalMovies */ = {
			isa = PBXGroup;
			children = (
				DDD4F7592B058C82005BF298 /* ViewModel */,
				DDD4F7582B058C7D005BF298 /* Model */,
				DDD4F75A2B058C8D005BF298 /* View */,
			);
			path = MarvalMovies;
			sourceTree = "<group>";
		};
		DDD4F7582B058C7D005BF298 /* Model */ = {
			isa = PBXGroup;
			children = (
			);
			path = Model;
			sourceTree = "<group>";
		};
		DDD4F7592B058C82005BF298 /* ViewModel */ = {
			isa = PBXGroup;
			children = (
			);
			path = ViewModel;
			sourceTree = "<group>";
		};
		DDD4F75A2B058C8D005BF298 /* View */ = {
			isa = PBXGroup;
			children = (
				DDD4F75B2B058C99005BF298 /* Cell */,
				DDD4F7532B057C50005BF298 /* MarvelFilmsViewController.swift */,
				DDD4F7512B057C26005BF298 /* MarverlFilms.storyboard */,
			);
			path = View;
			sourceTree = "<group>";
		};
		DDD4F75B2B058C99005BF298 /* Cell */ = {
			isa = PBXGroup;
			children = (
				DDD4F7552B057D0E005BF298 /* MarvalFilmTableViewCell.swift */,
			);
			path = Cell;
			sourceTree = "<group>";
		};
/* End PBXGroup section */

/* Begin PBXNativeTarget section */
		DDD4F7392B0550AD005BF298 /* MarvelMovies */ = {
			isa = PBXNativeTarget;
			buildConfigurationList = DDD4F74E2B0550AF005BF298 /* Build configuration list for PBXNativeTarget "MarvelMovies" */;
			buildPhases = (
				DDD4F7362B0550AD005BF298 /* Sources */,
				DDD4F7372B0550AD005BF298 /* Frameworks */,
				DDD4F7382B0550AD005BF298 /* Resources */,
			);
			buildRules = (
			);
			dependencies = (
			);
			name = MarvelMovies;
			productName = MarvelMovies;
			productReference = DDD4F73A2B0550AD005BF298 /* MarvelMovies.app */;
			productType = "com.apple.product-type.application";
		};
/* End PBXNativeTarget section */

/* Begin PBXProject section */
		DDD4F7322B0550AD005BF298 /* Project object */ = {
			isa = PBXProject;
			attributes = {
				BuildIndependentTargetsInParallel = 1;
				LastSwiftUpdateCheck = 1500;
				LastUpgradeCheck = 1500;
				TargetAttributes = {
					DDD4F7392B0550AD005BF298 = {
						CreatedOnToolsVersion = 15.0.1;
					};
				};
			};
			buildConfigurationList = DDD4F7352B0550AD005BF298 /* Build configuration list for PBXProject "MarvelMovies" */;
			compatibilityVersion = "Xcode 14.0";
			developmentRegion = en;
			hasScannedForEncodings = 0;
			knownRegions = (
				en,
				Base,
			);
			mainGroup = DDD4F7312B0550AD005BF298;
			productRefGroup = DDD4F73B2B0550AD005BF298 /* Products */;
			projectDirPath = "";
			projectRoot = "";
			targets = (
				DDD4F7392B0550AD005BF298 /* MarvelMovies */,
			);
		};
/* End PBXProject section */

/* Begin PBXResourcesBuildPhase section */
		DDD4F7382B0550AD005BF298 /* Resources */ = {
			isa = PBXResourcesBuildPhase;
			buildActionMask = 2147483647;
			files = (
				DDD4F74A2B0550AF005BF298 /* LaunchScreen.storyboard in Resources */,
				DDD4F7472B0550AF005BF298 /* Assets.xcassets in Resources */,
				DDD4F7522B057C26005BF298 /* MarverlFilms.storyboard in Resources */,
				DDD4F7452B0550AD005BF298 /* Main.storyboard in Resources */,
			);
			runOnlyForDeploymentPostprocessing = 0;
		};
/* End PBXResourcesBuildPhase section */

/* Begin PBXSourcesBuildPhase section */
		DDD4F7362B0550AD005BF298 /* Sources */ = {
			isa = PBXSourcesBuildPhase;
			buildActionMask = 2147483647;
			files = (
				DDD4F7422B0550AD005BF298 /* ViewController.swift in Sources */,
				DDD4F73E2B0550AD005BF298 /* AppDelegate.swift in Sources */,
				DDD4F7402B0550AD005BF298 /* SceneDelegate.swift in Sources */,
				DDD4F7542B057C50005BF298 /* MarvelFilmsViewController.swift in Sources */,
				DDD4F7562B057D0E005BF298 /* MarvalFilmTableViewCell.swift in Sources */,
			);
			runOnlyForDeploymentPostprocessing = 0;
		};
/* End PBXSourcesBuildPhase section */

/* Begin PBXVariantGroup section */
		DDD4F7432B0550AD005BF298 /* Main.storyboard */ = {
			isa = PBXVariantGroup;
			children = (
				DDD4F7442B0550AD005BF298 /* Base */,
			);
			name = Main.storyboard;
			sourceTree = "<group>";
		};
		DDD4F7482B0550AF005BF298 /* LaunchScreen.storyboard */ = {
			isa = PBXVariantGroup;
			children = (
				DDD4F7492B0550AF005BF298 /* Base */,
			);
			name = LaunchScreen.storyboard;
			sourceTree = "<group>";
		};
/* End PBXVariantGroup section */

/* Begin XCBuildConfiguration section */
		DDD4F74C2B0550AF005BF298 /* Debug */ = {
			isa = XCBuildConfiguration;
			buildSettings = {
				ALWAYS_SEARCH_USER_PATHS = NO;
				ASSETCATALOG_COMPILER_GENERATE_SWIFT_ASSET_SYMBOL_EXTENSIONS = YES;
				CLANG_ANALYZER_NONNULL = YES;
				CLANG_ANALYZER_NUMBER_OBJECT_CONVERSION = YES_AGGRESSIVE;
				CLANG_CXX_LANGUAGE_STANDARD = "gnu++20";
				CLANG_ENABLE_MODULES = YES;
				CLANG_ENABLE_OBJC_ARC = YES;
				CLANG_ENABLE_OBJC_WEAK = YES;
				CLANG_WARN_BLOCK_CAPTURE_AUTORELEASING = YES;
				CLANG_WARN_BOOL_CONVERSION = YES;
				CLANG_WARN_COMMA = YES;
				CLANG_WARN_CONSTANT_CONVERSION = YES;
				CLANG_WARN_DEPRECATED_OBJC_IMPLEMENTATIONS = YES;
				CLANG_WARN_DIRECT_OBJC_ISA_USAGE = YES_ERROR;
				CLANG_WARN_DOCUMENTATION_COMMENTS = YES;
				CLANG_WARN_EMPTY_BODY = YES;
				CLANG_WARN_ENUM_CONVERSION = YES;
				CLANG_WARN_INFINITE_RECURSION = YES;
				CLANG_WARN_INT_CONVERSION = YES;
				CLANG_WARN_NON_LITERAL_NULL_CONVERSION = YES;
				CLANG_WARN_OBJC_IMPLICIT_RETAIN_SELF = YES;
				CLANG_WARN_OBJC_LITERAL_CONVERSION = YES;
				CLANG_WARN_OBJC_ROOT_CLASS = YES_ERROR;
				CLANG_WARN_QUOTED_INCLUDE_IN_FRAMEWORK_HEADER = YES;
				CLANG_WARN_RANGE_LOOP_ANALYSIS = YES;
				CLANG_WARN_STRICT_PROTOTYPES = YES;
				CLANG_WARN_SUSPICIOUS_MOVE = YES;
				CLANG_WARN_UNGUARDED_AVAILABILITY = YES_AGGRESSIVE;
				CLANG_WARN_UNREACHABLE_CODE = YES;
				CLANG_WARN__DUPLICATE_METHOD_MATCH = YES;
				COPY_PHASE_STRIP = NO;
				DEBUG_INFORMATION_FORMAT = dwarf;
				ENABLE_STRICT_OBJC_MSGSEND = YES;
				ENABLE_TESTABILITY = YES;
				ENABLE_USER_SCRIPT_SANDBOXING = YES;
				GCC_C_LANGUAGE_STANDARD = gnu17;
				GCC_DYNAMIC_NO_PIC = NO;
				GCC_NO_COMMON_BLOCKS = YES;
				GCC_OPTIMIZATION_LEVEL = 0;
				GCC_PREPROCESSOR_DEFINITIONS = (
					"DEBUG=1",
					"$(inherited)",
				);
				GCC_WARN_64_TO_32_BIT_CONVERSION = YES;
				GCC_WARN_ABOUT_RETURN_TYPE = YES_ERROR;
				GCC_WARN_UNDECLARED_SELECTOR = YES;
				GCC_WARN_UNINITIALIZED_AUTOS = YES_AGGRESSIVE;
				GCC_WARN_UNUSED_FUNCTION = YES;
				GCC_WARN_UNUSED_VARIABLE = YES;
				IPHONEOS_DEPLOYMENT_TARGET = 17.0;
				LOCALIZATION_PREFERS_STRING_CATALOGS = YES;
				MTL_ENABLE_DEBUG_INFO = INCLUDE_SOURCE;
				MTL_FAST_MATH = YES;
				ONLY_ACTIVE_ARCH = YES;
				SDKROOT = iphoneos;
				SWIFT_ACTIVE_COMPILATION_CONDITIONS = "DEBUG $(inherited)";
				SWIFT_OPTIMIZATION_LEVEL = "-Onone";
			};
			name = Debug;
		};
		DDD4F74D2B0550AF005BF298 /* Release */ = {
			isa = XCBuildConfiguration;
			buildSettings = {
				ALWAYS_SEARCH_USER_PATHS = NO;
				ASSETCATALOG_COMPILER_GENERATE_SWIFT_ASSET_SYMBOL_EXTENSIONS = YES;
				CLANG_ANALYZER_NONNULL = YES;
				CLANG_ANALYZER_NUMBER_OBJECT_CONVERSION = YES_AGGRESSIVE;
				CLANG_CXX_LANGUAGE_STANDARD = "gnu++20";
				CLANG_ENABLE_MODULES = YES;
				CLANG_ENABLE_OBJC_ARC = YES;
				CLANG_ENABLE_OBJC_WEAK = YES;
				CLANG_WARN_BLOCK_CAPTURE_AUTORELEASING = YES;
				CLANG_WARN_BOOL_CONVERSION = YES;
				CLANG_WARN_COMMA = YES;
				CLANG_WARN_CONSTANT_CONVERSION = YES;
				CLANG_WARN_DEPRECATED_OBJC_IMPLEMENTATIONS = YES;
				CLANG_WARN_DIRECT_OBJC_ISA_USAGE = YES_ERROR;
				CLANG_WARN_DOCUMENTATION_COMMENTS = YES;
				CLANG_WARN_EMPTY_BODY = YES;
				CLANG_WARN_ENUM_CONVERSION = YES;
				CLANG_WARN_INFINITE_RECURSION = YES;
				CLANG_WARN_INT_CONVERSION = YES;
				CLANG_WARN_NON_LITERAL_NULL_CONVERSION = YES;
				CLANG_WARN_OBJC_IMPLICIT_RETAIN_SELF = YES;
				CLANG_WARN_OBJC_LITERAL_CONVERSION = YES;
				CLANG_WARN_OBJC_ROOT_CLASS = YES_ERROR;
				CLANG_WARN_QUOTED_INCLUDE_IN_FRAMEWORK_HEADER = YES;
				CLANG_WARN_RANGE_LOOP_ANALYSIS = YES;
				CLANG_WARN_STRICT_PROTOTYPES = YES;
				CLANG_WARN_SUSPICIOUS_MOVE = YES;
				CLANG_WARN_UNGUARDED_AVAILABILITY = YES_AGGRESSIVE;
				CLANG_WARN_UNREACHABLE_CODE = YES;
				CLANG_WARN__DUPLICATE_METHOD_MATCH = YES;
				COPY_PHASE_STRIP = NO;
				DEBUG_INFORMATION_FORMAT = "dwarf-with-dsym";
				ENABLE_NS_ASSERTIONS = NO;
				ENABLE_STRICT_OBJC_MSGSEND = YES;
				ENABLE_USER_SCRIPT_SANDBOXING = YES;
				GCC_C_LANGUAGE_STANDARD = gnu17;
				GCC_NO_COMMON_BLOCKS = YES;
				GCC_WARN_64_TO_32_BIT_CONVERSION = YES;
				GCC_WARN_ABOUT_RETURN_TYPE = YES_ERROR;
				GCC_WARN_UNDECLARED_SELECTOR = YES;
				GCC_WARN_UNINITIALIZED_AUTOS = YES_AGGRESSIVE;
				GCC_WARN_UNUSED_FUNCTION = YES;
				GCC_WARN_UNUSED_VARIABLE = YES;
				IPHONEOS_DEPLOYMENT_TARGET = 17.0;
				LOCALIZATION_PREFERS_STRING_CATALOGS = YES;
				MTL_ENABLE_DEBUG_INFO = NO;
				MTL_FAST_MATH = YES;
				SDKROOT = iphoneos;
				SWIFT_COMPILATION_MODE = wholemodule;
				VALIDATE_PRODUCT = YES;
			};
			name = Release;
		};
		DDD4F74F2B0550AF005BF298 /* Debug */ = {
			isa = XCBuildConfiguration;
			buildSettings = {
				ASSETCATALOG_COMPILER_APPICON_NAME = AppIcon;
				ASSETCATALOG_COMPILER_GLOBAL_ACCENT_COLOR_NAME = AccentColor;
				CODE_SIGN_STYLE = Automatic;
				CURRENT_PROJECT_VERSION = 1;
				DEVELOPMENT_TEAM = UH3752ZWXL;
				GENERATE_INFOPLIST_FILE = YES;
				INFOPLIST_FILE = MarvelMovies/Info.plist;
				INFOPLIST_KEY_UIApplicationSupportsIndirectInputEvents = YES;
				INFOPLIST_KEY_UILaunchStoryboardName = LaunchScreen;
				INFOPLIST_KEY_UISupportedInterfaceOrientations_iPad = "UIInterfaceOrientationPortrait UIInterfaceOrientationPortraitUpsideDown UIInterfaceOrientationLandscapeLeft UIInterfaceOrientationLandscapeRight";
				INFOPLIST_KEY_UISupportedInterfaceOrientations_iPhone = "UIInterfaceOrientationPortrait UIInterfaceOrientationLandscapeLeft UIInterfaceOrientationLandscapeRight";
				LD_RUNPATH_SEARCH_PATHS = (
					"$(inherited)",
					"@executable_path/Frameworks",
				);
				MARKETING_VERSION = 1.0;
				PRODUCT_BUNDLE_IDENTIFIER = kariman.MarvelMovies;
				PRODUCT_NAME = "$(TARGET_NAME)";
				SWIFT_EMIT_LOC_STRINGS = YES;
				SWIFT_VERSION = 5.0;
				TARGETED_DEVICE_FAMILY = "1,2";
			};
			name = Debug;
		};
		DDD4F7502B0550AF005BF298 /* Release */ = {
			isa = XCBuildConfiguration;
			buildSettings = {
				ASSETCATALOG_COMPILER_APPICON_NAME = AppIcon;
				ASSETCATALOG_COMPILER_GLOBAL_ACCENT_COLOR_NAME = AccentColor;
				CODE_SIGN_STYLE = Automatic;
				CURRENT_PROJECT_VERSION = 1;
				DEVELOPMENT_TEAM = UH3752ZWXL;
				GENERATE_INFOPLIST_FILE = YES;
				INFOPLIST_FILE = MarvelMovies/Info.plist;
				INFOPLIST_KEY_UIApplicationSupportsIndirectInputEvents = YES;
				INFOPLIST_KEY_UILaunchStoryboardName = LaunchScreen;
				INFOPLIST_KEY_UISupportedInterfaceOrientations_iPad = "UIInterfaceOrientationPortrait UIInterfaceOrientationPortraitUpsideDown UIInterfaceOrientationLandscapeLeft UIInterfaceOrientationLandscapeRight";
				INFOPLIST_KEY_UISupportedInterfaceOrientations_iPhone = "UIInterfaceOrientationPortrait UIInterfaceOrientationLandscapeLeft UIInterfaceOrientationLandscapeRight";
				LD_RUNPATH_SEARCH_PATHS = (
					"$(inherited)",
					"@executable_path/Frameworks",
				);
				MARKETING_VERSION = 1.0;
				PRODUCT_BUNDLE_IDENTIFIER = kariman.MarvelMovies;
				PRODUCT_NAME = "$(TARGET_NAME)";
				SWIFT_EMIT_LOC_STRINGS = YES;
				SWIFT_VERSION = 5.0;
				TARGETED_DEVICE_FAMILY = "1,2";
			};
			name = Release;
		};
/* End XCBuildConfiguration section */

/* Begin XCConfigurationList section */
		DDD4F7352B0550AD005BF298 /* Build configuration list for PBXProject "MarvelMovies" */ = {
			isa = XCConfigurationList;
			buildConfigurations = (
				DDD4F74C2B0550AF005BF298 /* Debug */,
				DDD4F74D2B0550AF005BF298 /* Release */,
			);
			defaultConfigurationIsVisible = 0;
			defaultConfigurationName = Release;
		};
		DDD4F74E2B0550AF005BF298 /* Build configuration list for PBXNativeTarget "MarvelMovies" */ = {
			isa = XCConfigurationList;
			buildConfigurations = (
				DDD4F74F2B0550AF005BF298 /* Debug */,
				DDD4F7502B0550AF005BF298 /* Release */,
			);
			defaultConfigurationIsVisible = 0;
			defaultConfigurationName = Release;
		};
/* End XCConfigurationList section */
	};
	rootObject = DDD4F7322B0550AD005BF298 /* Project object */;
}
